{
  "name": "dataentrywidgetpoc",
  "version": "1.0.0",
  "lockfileVersion": 1,
  "requires": true,
  "dependencies": {
    "atoa": {
      "version": "1.0.0",
      "resolved": "https://registry.npmjs.org/atoa/-/atoa-1.0.0.tgz",
      "integrity": "sha1-DMDpGkgOc4+SPrwQNnZHF3mzSkk="
    },
    "babel-runtime": {
      "version": "6.26.0",
      "resolved": "https://registry.npmjs.org/babel-runtime/-/babel-runtime-6.26.0.tgz",
      "integrity": "sha1-llxwWGaOgrVde/4E/yM3vItWR/4=",
      "requires": {
        "core-js": "^2.4.0",
        "regenerator-runtime": "^0.11.0"
      }
    },
    "contra": {
      "version": "1.9.4",
      "resolved": "https://registry.npmjs.org/contra/-/contra-1.9.4.tgz",
      "integrity": "sha1-9TveQtfltZhcrk2ZqNYQUm3o8o0=",
      "requires": {
        "atoa": "1.0.0",
        "ticky": "1.0.1"
      }
    },
    "core-js": {
      "version": "2.6.11",
      "resolved": "https://registry.npmjs.org/core-js/-/core-js-2.6.11.tgz",
      "integrity": "sha512-5wjnpaT/3dV+XB4borEsnAYQchn00XSgTAWKDkEqv+K8KevjbzmofK6hfJ9TZIlpj2N0xQpazy7PiRQiWHqzWg=="
    },
    "crossvent": {
      "version": "1.5.5",
      "resolved": "https://registry.npmjs.org/crossvent/-/crossvent-1.5.5.tgz",
      "integrity": "sha1-rSCHjkkh6b5z2daXb4suzQ9xoLE=",
      "requires": {
        "custom-event": "^1.0.0"
      }
    },
    "custom-event": {
      "version": "1.0.1",
      "resolved": "https://registry.npmjs.org/custom-event/-/custom-event-1.0.1.tgz",
      "integrity": "sha1-XQKkaFCt8bSjF5RqOSj8y1v9BCU="
    },
    "dragula-with-animation": {
      "version": "3.7.4",
      "resolved": "https://registry.npmjs.org/dragula-with-animation/-/dragula-with-animation-3.7.4.tgz",
      "integrity": "sha512-Kdvld/s4ASLRgP5w8lzK64P+8XUX9ccNGn0rmXDCG9AuvyzUxvVo+HxLQoRMyRPCQWAZ3xzA7b3ghcFIz+QsIA==",
      "requires": {
        "contra": "1.9.4",
        "crossvent": "1.5.4"
      },
      "dependencies": {
        "crossvent": {
          "version": "1.5.4",
          "resolved": "https://registry.npmjs.org/crossvent/-/crossvent-1.5.4.tgz",
          "integrity": "sha1-2ixPj0DJR4JRe/K+7BBEFIGUq5I=",
          "requires": {
            "custom-event": "1.0.0"
          }
        },
        "custom-event": {
          "version": "1.0.0",
          "resolved": "https://registry.npmjs.org/custom-event/-/custom-event-1.0.0.tgz",
          "integrity": "sha1-LkYovhncSyFLXAJjDFlx6BFhgGI="
        }
      }
    },
    "regenerator-runtime": {
      "version": "0.11.1",
      "resolved": "https://registry.npmjs.org/regenerator-runtime/-/regenerator-runtime-0.11.1.tgz",
      "integrity": "sha512-MguG95oij0fC3QV3URf4V2SDYGJhJnJGqvIIgdECeODCT98wSWDAJ94SSuVpYQUoTcGUIL6L4yNB7j1DFFHSBg=="
    },
    "table-dragger": {
      "version": "1.0.3",
      "resolved": "https://registry.npmjs.org/table-dragger/-/table-dragger-1.0.3.tgz",
      "integrity": "sha512-9HpdZ6wRDRUIURE1nxOW37QBW5SrUAiILiDfahpgLNJUzjfKnoU3qShCiSRCyryuqi6t5VPFexXRZdoJSox6ew==",
      "requires": {
        "babel-runtime": "^6.20.0",
        "crossvent": "^1.5.5",
        "dragula-with-animation": "^3.7.4"
      }
    },
    "ticky": {
      "version": "1.0.1",
      "resolved": "https://registry.npmjs.org/ticky/-/ticky-1.0.1.tgz",
      "integrity": "sha1-t8+nHnaPHJAAxJe5FRswlHxQ5G0="
    }
  }
}
